// !$*UTF8*$!
{
	archiveVersion = 1;
	classes = {
	};
	objectVersion = 56;
	objects = {

/* Begin PBXBuildFile section */
		C21F37DD2B59DA8300AF9D53 /* LoanPredictApp.swift in Sources */ = {isa = PBXBuildFile; fileRef = C21F37DC2B59DA8300AF9D53 /* LoanPredictApp.swift */; };
		C21F37DF2B59DA8300AF9D53 /* ContentView.swift in Sources */ = {isa = PBXBuildFile; fileRef = C21F37DE2B59DA8300AF9D53 /* ContentView.swift */; };
		C21F37E12B59DA8400AF9D53 /* Assets.xcassets in Resources */ = {isa = PBXBuildFile; fileRef = C21F37E02B59DA8400AF9D53 /* Assets.xcassets */; };
		C21F37E42B59DA8400AF9D53 /* Preview Assets.xcassets in Resources */ = {isa = PBXBuildFile; fileRef = C21F37E32B59DA8400AF9D53 /* Preview Assets.xcassets */; };
		C21F37EC2B59DF3A00AF9D53 /* GoogleService-Info.plist in Resources */ = {isa = PBXBuildFile; fileRef = C21F37EB2B59DF3A00AF9D53 /* GoogleService-Info.plist */; };
		C21F37EF2B59E07000AF9D53 /* FirebaseAnalytics in Frameworks */ = {isa = PBXBuildFile; productRef = C21F37EE2B59E07000AF9D53 /* FirebaseAnalytics */; };
		C21F37F12B59E07000AF9D53 /* FirebaseAnalyticsOnDeviceConversion in Frameworks */ = {isa = PBXBuildFile; productRef = C21F37F02B59E07000AF9D53 /* FirebaseAnalyticsOnDeviceConversion */; };
		C21F37F32B59E07000AF9D53 /* FirebaseAnalyticsSwift in Frameworks */ = {isa = PBXBuildFile; productRef = C21F37F22B59E07000AF9D53 /* FirebaseAnalyticsSwift */; };
		C21F37F52B59E07000AF9D53 /* FirebaseAnalyticsWithoutAdIdSupport in Frameworks */ = {isa = PBXBuildFile; productRef = C21F37F42B59E07000AF9D53 /* FirebaseAnalyticsWithoutAdIdSupport */; };
		C21F37F72B59E07000AF9D53 /* FirebaseAppCheck in Frameworks */ = {isa = PBXBuildFile; productRef = C21F37F62B59E07000AF9D53 /* FirebaseAppCheck */; };
		C21F37FC2B59E33200AF9D53 /* LoginView.swift in Sources */ = {isa = PBXBuildFile; fileRef = C21F37FB2B59E33200AF9D53 /* LoginView.swift */; };
		C21F37FE2B59E33D00AF9D53 /* AuthentificationViewModel.swift in Sources */ = {isa = PBXBuildFile; fileRef = C21F37FD2B59E33D00AF9D53 /* AuthentificationViewModel.swift */; };
		C28700C12B59E69B0011D491 /* AppDelegate.swift in Sources */ = {isa = PBXBuildFile; fileRef = C28700C02B59E69B0011D491 /* AppDelegate.swift */; };
		C28700C42B59E7CB0011D491 /* InputBar.swift in Sources */ = {isa = PBXBuildFile; fileRef = C28700C32B59E7CB0011D491 /* InputBar.swift */; };
		C28700C72B59E8680011D491 /* FirebaseAuth in Frameworks */ = {isa = PBXBuildFile; productRef = C28700C62B59E8680011D491 /* FirebaseAuth */; };
		C28700C92B59E8800011D491 /* FirebaseFirestore in Frameworks */ = {isa = PBXBuildFile; productRef = C28700C82B59E8800011D491 /* FirebaseFirestore */; };
		C28700CB2B59E8900011D491 /* FirebaseDatabase in Frameworks */ = {isa = PBXBuildFile; productRef = C28700CA2B59E8900011D491 /* FirebaseDatabase */; };
		C28700CD2B59E9870011D491 /* User.swift in Sources */ = {isa = PBXBuildFile; fileRef = C28700CC2B59E9870011D491 /* User.swift */; };
		C28700D12B59EB380011D491 /* HomeView.swift in Sources */ = {isa = PBXBuildFile; fileRef = C28700D02B59EB380011D491 /* HomeView.swift */; };
		C28700D32B59EB410011D491 /* HomeViewModel.swift in Sources */ = {isa = PBXBuildFile; fileRef = C28700D22B59EB410011D491 /* HomeViewModel.swift */; };
		C28700D62B59EBDC0011D491 /* RegisterView.swift in Sources */ = {isa = PBXBuildFile; fileRef = C28700D52B59EBDC0011D491 /* RegisterView.swift */; };
		C28700D82B59ECA50011D491 /* RoundedButton.swift in Sources */ = {isa = PBXBuildFile; fileRef = C28700D72B59ECA50011D491 /* RoundedButton.swift */; };
		C299DC8D2B5AEE3900B9DAAE /* MainView.swift in Sources */ = {isa = PBXBuildFile; fileRef = C299DC8C2B5AEE3900B9DAAE /* MainView.swift */; };
		C299DC902B5AEF0400B9DAAE /* RecentsView.swift in Sources */ = {isa = PBXBuildFile; fileRef = C299DC8F2B5AEF0400B9DAAE /* RecentsView.swift */; };
/* End PBXBuildFile section */

/* Begin PBXFileReference section */
		C21F37D92B59DA8300AF9D53 /* LoanPredict.app */ = {isa = PBXFileReference; explicitFileType = wrapper.application; includeInIndex = 0; path = LoanPredict.app; sourceTree = BUILT_PRODUCTS_DIR; };
		C21F37DC2B59DA8300AF9D53 /* LoanPredictApp.swift */ = {isa = PBXFileReference; lastKnownFileType = sourcecode.swift; path = LoanPredictApp.swift; sourceTree = "<group>"; };
		C21F37DE2B59DA8300AF9D53 /* ContentView.swift */ = {isa = PBXFileReference; lastKnownFileType = sourcecode.swift; path = ContentView.swift; sourceTree = "<group>"; };
		C21F37E02B59DA8400AF9D53 /* Assets.xcassets */ = {isa = PBXFileReference; lastKnownFileType = folder.assetcatalog; path = Assets.xcassets; sourceTree = "<group>"; };
		C21F37E32B59DA8400AF9D53 /* Preview Assets.xcassets */ = {isa = PBXFileReference; lastKnownFileType = folder.assetcatalog; path = "Preview Assets.xcassets"; sourceTree = "<group>"; };
		C21F37EB2B59DF3A00AF9D53 /* GoogleService-Info.plist */ = {isa = PBXFileReference; fileEncoding = 4; lastKnownFileType = text.plist.xml; path = "GoogleService-Info.plist"; sourceTree = "<group>"; };
		C21F37FB2B59E33200AF9D53 /* LoginView.swift */ = {isa = PBXFileReference; lastKnownFileType = sourcecode.swift; path = LoginView.swift; sourceTree = "<group>"; };
		C21F37FD2B59E33D00AF9D53 /* AuthentificationViewModel.swift */ = {isa = PBXFileReference; lastKnownFileType = sourcecode.swift; path = AuthentificationViewModel.swift; sourceTree = "<group>"; };
		C28700C02B59E69B0011D491 /* AppDelegate.swift */ = {isa = PBXFileReference; lastKnownFileType = sourcecode.swift; path = AppDelegate.swift; sourceTree = "<group>"; };
		C28700C32B59E7CB0011D491 /* InputBar.swift */ = {isa = PBXFileReference; lastKnownFileType = sourcecode.swift; path = InputBar.swift; sourceTree = "<group>"; };
		C28700CC2B59E9870011D491 /* User.swift */ = {isa = PBXFileReference; lastKnownFileType = sourcecode.swift; path = User.swift; sourceTree = "<group>"; };
		C28700D02B59EB380011D491 /* HomeView.swift */ = {isa = PBXFileReference; lastKnownFileType = sourcecode.swift; path = HomeView.swift; sourceTree = "<group>"; };
		C28700D22B59EB410011D491 /* HomeViewModel.swift */ = {isa = PBXFileReference; lastKnownFileType = sourcecode.swift; path = HomeViewModel.swift; sourceTree = "<group>"; };
		C28700D52B59EBDC0011D491 /* RegisterView.swift */ = {isa = PBXFileReference; lastKnownFileType = sourcecode.swift; path = RegisterView.swift; sourceTree = "<group>"; };
		C28700D72B59ECA50011D491 /* RoundedButton.swift */ = {isa = PBXFileReference; lastKnownFileType = sourcecode.swift; path = RoundedButton.swift; sourceTree = "<group>"; };
		C299DC8C2B5AEE3900B9DAAE /* MainView.swift */ = {isa = PBXFileReference; lastKnownFileType = sourcecode.swift; path = MainView.swift; sourceTree = "<group>"; };
		C299DC8F2B5AEF0400B9DAAE /* RecentsView.swift */ = {isa = PBXFileReference; lastKnownFileType = sourcecode.swift; path = RecentsView.swift; sourceTree = "<group>"; };
/* End PBXFileReference section */

/* Begin PBXFrameworksBuildPhase section */
		C21F37D62B59DA8300AF9D53 /* Frameworks */ = {
			isa = PBXFrameworksBuildPhase;
			buildActionMask = 2147483647;
			files = (
				C21F37F32B59E07000AF9D53 /* FirebaseAnalyticsSwift in Frameworks */,
				C28700C72B59E8680011D491 /* FirebaseAuth in Frameworks */,
				C21F37EF2B59E07000AF9D53 /* FirebaseAnalytics in Frameworks */,
				C21F37F12B59E07000AF9D53 /* FirebaseAnalyticsOnDeviceConversion in Frameworks */,
				C21F37F72B59E07000AF9D53 /* FirebaseAppCheck in Frameworks */,
				C21F37F52B59E07000AF9D53 /* FirebaseAnalyticsWithoutAdIdSupport in Frameworks */,
				C28700CB2B59E8900011D491 /* FirebaseDatabase in Frameworks */,
				C28700C92B59E8800011D491 /* FirebaseFirestore in Frameworks */,
			);
			runOnlyForDeploymentPostprocessing = 0;
		};
/* End PBXFrameworksBuildPhase section */

/* Begin PBXGroup section */
		C21F37D02B59DA8300AF9D53 = {
			isa = PBXGroup;
			children = (
				C21F37DB2B59DA8300AF9D53 /* LoanPredict */,
				C21F37DA2B59DA8300AF9D53 /* Products */,
				C28700C52B59E8680011D491 /* Frameworks */,
			);
			sourceTree = "<group>";
		};
		C21F37DA2B59DA8300AF9D53 /* Products */ = {
			isa = PBXGroup;
			children = (
				C21F37D92B59DA8300AF9D53 /* LoanPredict.app */,
			);
			name = Products;
			sourceTree = "<group>";
		};
		C21F37DB2B59DA8300AF9D53 /* LoanPredict */ = {
			isa = PBXGroup;
			children = (
				C28700CE2B59E98C0011D491 /* Models */,
				C21F37EA2B59DBC100AF9D53 /* UI */,
				C21F37DC2B59DA8300AF9D53 /* LoanPredictApp.swift */,
				C21F37DE2B59DA8300AF9D53 /* ContentView.swift */,
				C21F37E02B59DA8400AF9D53 /* Assets.xcassets */,
				C21F37EB2B59DF3A00AF9D53 /* GoogleService-Info.plist */,
				C21F37E22B59DA8400AF9D53 /* Preview Content */,
				C28700C02B59E69B0011D491 /* AppDelegate.swift */,
			);
			path = LoanPredict;
			sourceTree = "<group>";
		};
		C21F37E22B59DA8400AF9D53 /* Preview Content */ = {
			isa = PBXGroup;
			children = (
				C21F37E32B59DA8400AF9D53 /* Preview Assets.xcassets */,
			);
			path = "Preview Content";
			sourceTree = "<group>";
		};
		C21F37EA2B59DBC100AF9D53 /* UI */ = {
			isa = PBXGroup;
			children = (
				C299DC8E2B5AEEF700B9DAAE /* RecentsView */,
				C299DC8B2B5AEE2D00B9DAAE /* MainView */,
				C28700D42B59EBD20011D491 /* RegisterView */,
				C28700CF2B59EB2C0011D491 /* HomeView */,
				C28700C22B59E7BD0011D491 /* UI Elements */,
				C21F37FA2B59E31900AF9D53 /* LoginView */,
			);
			path = UI;
			sourceTree = "<group>";
		};
		C21F37FA2B59E31900AF9D53 /* LoginView */ = {
			isa = PBXGroup;
			children = (
				C21F37FB2B59E33200AF9D53 /* LoginView.swift */,
				C21F37FD2B59E33D00AF9D53 /* AuthentificationViewModel.swift */,
			);
			path = LoginView;
			sourceTree = "<group>";
		};
		C28700C22B59E7BD0011D491 /* UI Elements */ = {
			isa = PBXGroup;
			children = (
				C28700C32B59E7CB0011D491 /* InputBar.swift */,
				C28700D72B59ECA50011D491 /* RoundedButton.swift */,
			);
			path = "UI Elements";
			sourceTree = "<group>";
		};
		C28700C52B59E8680011D491 /* Frameworks */ = {
			isa = PBXGroup;
			children = (
			);
			name = Frameworks;
			sourceTree = "<group>";
		};
		C28700CE2B59E98C0011D491 /* Models */ = {
			isa = PBXGroup;
			children = (
				C28700CC2B59E9870011D491 /* User.swift */,
			);
			path = Models;
			sourceTree = "<group>";
		};
		C28700CF2B59EB2C0011D491 /* HomeView */ = {
			isa = PBXGroup;
			children = (
				C28700D02B59EB380011D491 /* HomeView.swift */,
				C28700D22B59EB410011D491 /* HomeViewModel.swift */,
			);
			path = HomeView;
			sourceTree = "<group>";
		};
		C28700D42B59EBD20011D491 /* RegisterView */ = {
			isa = PBXGroup;
			children = (
				C28700D52B59EBDC0011D491 /* RegisterView.swift */,
			);
			path = RegisterView;
			sourceTree = "<group>";
		};
		C299DC8B2B5AEE2D00B9DAAE /* MainView */ = {
			isa = PBXGroup;
			children = (
				C299DC8C2B5AEE3900B9DAAE /* MainView.swift */,
			);
			path = MainView;
			sourceTree = "<group>";
		};
		C299DC8E2B5AEEF700B9DAAE /* RecentsView */ = {
			isa = PBXGroup;
			children = (
				C299DC8F2B5AEF0400B9DAAE /* RecentsView.swift */,
			);
			path = RecentsView;
			sourceTree = "<group>";
		};
/* End PBXGroup section */

/* Begin PBXNativeTarget section */
		C21F37D82B59DA8300AF9D53 /* LoanPredict */ = {
			isa = PBXNativeTarget;
			buildConfigurationList = C21F37E72B59DA8400AF9D53 /* Build configuration list for PBXNativeTarget "LoanPredict" */;
			buildPhases = (
				C21F37D52B59DA8300AF9D53 /* Sources */,
				C21F37D62B59DA8300AF9D53 /* Frameworks */,
				C21F37D72B59DA8300AF9D53 /* Resources */,
			);
			buildRules = (
			);
			dependencies = (
			);
			name = LoanPredict;
			packageProductDependencies = (
				C21F37EE2B59E07000AF9D53 /* FirebaseAnalytics */,
				C21F37F02B59E07000AF9D53 /* FirebaseAnalyticsOnDeviceConversion */,
				C21F37F22B59E07000AF9D53 /* FirebaseAnalyticsSwift */,
				C21F37F42B59E07000AF9D53 /* FirebaseAnalyticsWithoutAdIdSupport */,
				C21F37F62B59E07000AF9D53 /* FirebaseAppCheck */,
				C28700C62B59E8680011D491 /* FirebaseAuth */,
				C28700C82B59E8800011D491 /* FirebaseFirestore */,
				C28700CA2B59E8900011D491 /* FirebaseDatabase */,
			);
			productName = LoanPredict;
			productReference = C21F37D92B59DA8300AF9D53 /* LoanPredict.app */;
			productType = "com.apple.product-type.application";
		};
/* End PBXNativeTarget section */

/* Begin PBXProject section */
		C21F37D12B59DA8300AF9D53 /* Project object */ = {
			isa = PBXProject;
			attributes = {
				BuildIndependentTargetsInParallel = 1;
				LastSwiftUpdateCheck = 1500;
				LastUpgradeCheck = 1500;
				TargetAttributes = {
					C21F37D82B59DA8300AF9D53 = {
						CreatedOnToolsVersion = 15.0.1;
					};
				};
			};
			buildConfigurationList = C21F37D42B59DA8300AF9D53 /* Build configuration list for PBXProject "LoanPredict" */;
			compatibilityVersion = "Xcode 14.0";
			developmentRegion = en;
			hasScannedForEncodings = 0;
			knownRegions = (
				en,
				Base,
			);
			mainGroup = C21F37D02B59DA8300AF9D53;
			packageReferences = (
				C21F37ED2B59E07000AF9D53 /* XCRemoteSwiftPackageReference "firebase-ios-sdk" */,
			);
			productRefGroup = C21F37DA2B59DA8300AF9D53 /* Products */;
			projectDirPath = "";
			projectRoot = "";
			targets = (
				C21F37D82B59DA8300AF9D53 /* LoanPredict */,
			);
		};
/* End PBXProject section */

/* Begin PBXResourcesBuildPhase section */
		C21F37D72B59DA8300AF9D53 /* Resources */ = {
			isa = PBXResourcesBuildPhase;
			buildActionMask = 2147483647;
			files = (
				C21F37E42B59DA8400AF9D53 /* Preview Assets.xcassets in Resources */,
				C21F37E12B59DA8400AF9D53 /* Assets.xcassets in Resources */,
				C21F37EC2B59DF3A00AF9D53 /* GoogleService-Info.plist in Resources */,
			);
			runOnlyForDeploymentPostprocessing = 0;
		};
/* End PBXResourcesBuildPhase section */

/* Begin PBXSourcesBuildPhase section */
		C21F37D52B59DA8300AF9D53 /* Sources */ = {
			isa = PBXSourcesBuildPhase;
			buildActionMask = 2147483647;
			files = (
				C21F37DF2B59DA8300AF9D53 /* ContentView.swift in Sources */,
				C299DC902B5AEF0400B9DAAE /* RecentsView.swift in Sources */,
				C299DC8D2B5AEE3900B9DAAE /* MainView.swift in Sources */,
				C28700D62B59EBDC0011D491 /* RegisterView.swift in Sources */,
				C28700D32B59EB410011D491 /* HomeViewModel.swift in Sources */,
				C21F37FC2B59E33200AF9D53 /* LoginView.swift in Sources */,
				C21F37FE2B59E33D00AF9D53 /* AuthentificationViewModel.swift in Sources */,
				C28700C12B59E69B0011D491 /* AppDelegate.swift in Sources */,
				C28700D82B59ECA50011D491 /* RoundedButton.swift in Sources */,
				C28700C42B59E7CB0011D491 /* InputBar.swift in Sources */,
				C28700D12B59EB380011D491 /* HomeView.swift in Sources */,
				C21F37DD2B59DA8300AF9D53 /* LoanPredictApp.swift in Sources */,
				C28700CD2B59E9870011D491 /* User.swift in Sources */,
			);
			runOnlyForDeploymentPostprocessing = 0;
		};
/* End PBXSourcesBuildPhase section */

/* Begin XCBuildConfiguration section */
		C21F37E52B59DA8400AF9D53 /* Debug */ = {
			isa = XCBuildConfiguration;
			buildSettings = {
				ALWAYS_SEARCH_USER_PATHS = NO;
				ASSETCATALOG_COMPILER_GENERATE_SWIFT_ASSET_SYMBOL_EXTENSIONS = YES;
				CLANG_ANALYZER_NONNULL = YES;
				CLANG_ANALYZER_NUMBER_OBJECT_CONVERSION = YES_AGGRESSIVE;
				CLANG_CXX_LANGUAGE_STANDARD = "gnu++20";
				CLANG_ENABLE_MODULES = YES;
				CLANG_ENABLE_OBJC_ARC = YES;
				CLANG_ENABLE_OBJC_WEAK = YES;
				CLANG_WARN_BLOCK_CAPTURE_AUTORELEASING = YES;
				CLANG_WARN_BOOL_CONVERSION = YES;
				CLANG_WARN_COMMA = YES;
				CLANG_WARN_CONSTANT_CONVERSION = YES;
				CLANG_WARN_DEPRECATED_OBJC_IMPLEMENTATIONS = YES;
				CLANG_WARN_DIRECT_OBJC_ISA_USAGE = YES_ERROR;
				CLANG_WARN_DOCUMENTATION_COMMENTS = YES;
				CLANG_WARN_EMPTY_BODY = YES;
				CLANG_WARN_ENUM_CONVERSION = YES;
				CLANG_WARN_INFINITE_RECURSION = YES;
				CLANG_WARN_INT_CONVERSION = YES;
				CLANG_WARN_NON_LITERAL_NULL_CONVERSION = YES;
				CLANG_WARN_OBJC_IMPLICIT_RETAIN_SELF = YES;
				CLANG_WARN_OBJC_LITERAL_CONVERSION = YES;
				CLANG_WARN_OBJC_ROOT_CLASS = YES_ERROR;
				CLANG_WARN_QUOTED_INCLUDE_IN_FRAMEWORK_HEADER = YES;
				CLANG_WARN_RANGE_LOOP_ANALYSIS = YES;
				CLANG_WARN_STRICT_PROTOTYPES = YES;
				CLANG_WARN_SUSPICIOUS_MOVE = YES;
				CLANG_WARN_UNGUARDED_AVAILABILITY = YES_AGGRESSIVE;
				CLANG_WARN_UNREACHABLE_CODE = YES;
				CLANG_WARN__DUPLICATE_METHOD_MATCH = YES;
				COPY_PHASE_STRIP = NO;
				DEBUG_INFORMATION_FORMAT = dwarf;
				ENABLE_STRICT_OBJC_MSGSEND = YES;
				ENABLE_TESTABILITY = YES;
				ENABLE_USER_SCRIPT_SANDBOXING = YES;
				GCC_C_LANGUAGE_STANDARD = gnu17;
				GCC_DYNAMIC_NO_PIC = NO;
				GCC_NO_COMMON_BLOCKS = YES;
				GCC_OPTIMIZATION_LEVEL = 0;
				GCC_PREPROCESSOR_DEFINITIONS = (
					"DEBUG=1",
					"$(inherited)",
				);
				GCC_WARN_64_TO_32_BIT_CONVERSION = YES;
				GCC_WARN_ABOUT_RETURN_TYPE = YES_ERROR;
				GCC_WARN_UNDECLARED_SELECTOR = YES;
				GCC_WARN_UNINITIALIZED_AUTOS = YES_AGGRESSIVE;
				GCC_WARN_UNUSED_FUNCTION = YES;
				GCC_WARN_UNUSED_VARIABLE = YES;
				IPHONEOS_DEPLOYMENT_TARGET = 17.0;
				LOCALIZATION_PREFERS_STRING_CATALOGS = YES;
				MTL_ENABLE_DEBUG_INFO = INCLUDE_SOURCE;
				MTL_FAST_MATH = YES;
				ONLY_ACTIVE_ARCH = YES;
				SDKROOT = iphoneos;
				SWIFT_ACTIVE_COMPILATION_CONDITIONS = "DEBUG $(inherited)";
				SWIFT_OPTIMIZATION_LEVEL = "-Onone";
			};
			name = Debug;
		};
		C21F37E62B59DA8400AF9D53 /* Release */ = {
			isa = XCBuildConfiguration;
			buildSettings = {
				ALWAYS_SEARCH_USER_PATHS = NO;
				ASSETCATALOG_COMPILER_GENERATE_SWIFT_ASSET_SYMBOL_EXTENSIONS = YES;
				CLANG_ANALYZER_NONNULL = YES;
				CLANG_ANALYZER_NUMBER_OBJECT_CONVERSION = YES_AGGRESSIVE;
				CLANG_CXX_LANGUAGE_STANDARD = "gnu++20";
				CLANG_ENABLE_MODULES = YES;
				CLANG_ENABLE_OBJC_ARC = YES;
				CLANG_ENABLE_OBJC_WEAK = YES;
				CLANG_WARN_BLOCK_CAPTURE_AUTORELEASING = YES;
				CLANG_WARN_BOOL_CONVERSION = YES;
				CLANG_WARN_COMMA = YES;
				CLANG_WARN_CONSTANT_CONVERSION = YES;
				CLANG_WARN_DEPRECATED_OBJC_IMPLEMENTATIONS = YES;
				CLANG_WARN_DIRECT_OBJC_ISA_USAGE = YES_ERROR;
				CLANG_WARN_DOCUMENTATION_COMMENTS = YES;
				CLANG_WARN_EMPTY_BODY = YES;
				CLANG_WARN_ENUM_CONVERSION = YES;
				CLANG_WARN_INFINITE_RECURSION = YES;
				CLANG_WARN_INT_CONVERSION = YES;
				CLANG_WARN_NON_LITERAL_NULL_CONVERSION = YES;
				CLANG_WARN_OBJC_IMPLICIT_RETAIN_SELF = YES;
				CLANG_WARN_OBJC_LITERAL_CONVERSION = YES;
				CLANG_WARN_OBJC_ROOT_CLASS = YES_ERROR;
				CLANG_WARN_QUOTED_INCLUDE_IN_FRAMEWORK_HEADER = YES;
				CLANG_WARN_RANGE_LOOP_ANALYSIS = YES;
				CLANG_WARN_STRICT_PROTOTYPES = YES;
				CLANG_WARN_SUSPICIOUS_MOVE = YES;
				CLANG_WARN_UNGUARDED_AVAILABILITY = YES_AGGRESSIVE;
				CLANG_WARN_UNREACHABLE_CODE = YES;
				CLANG_WARN__DUPLICATE_METHOD_MATCH = YES;
				COPY_PHASE_STRIP = NO;
				DEBUG_INFORMATION_FORMAT = "dwarf-with-dsym";
				ENABLE_NS_ASSERTIONS = NO;
				ENABLE_STRICT_OBJC_MSGSEND = YES;
				ENABLE_USER_SCRIPT_SANDBOXING = YES;
				GCC_C_LANGUAGE_STANDARD = gnu17;
				GCC_NO_COMMON_BLOCKS = YES;
				GCC_WARN_64_TO_32_BIT_CONVERSION = YES;
				GCC_WARN_ABOUT_RETURN_TYPE = YES_ERROR;
				GCC_WARN_UNDECLARED_SELECTOR = YES;
				GCC_WARN_UNINITIALIZED_AUTOS = YES_AGGRESSIVE;
				GCC_WARN_UNUSED_FUNCTION = YES;
				GCC_WARN_UNUSED_VARIABLE = YES;
				IPHONEOS_DEPLOYMENT_TARGET = 17.0;
				LOCALIZATION_PREFERS_STRING_CATALOGS = YES;
				MTL_ENABLE_DEBUG_INFO = NO;
				MTL_FAST_MATH = YES;
				SDKROOT = iphoneos;
				SWIFT_COMPILATION_MODE = wholemodule;
				VALIDATE_PRODUCT = YES;
			};
			name = Release;
		};
		C21F37E82B59DA8400AF9D53 /* Debug */ = {
			isa = XCBuildConfiguration;
			buildSettings = {
				ASSETCATALOG_COMPILER_APPICON_NAME = AppIcon;
				ASSETCATALOG_COMPILER_GLOBAL_ACCENT_COLOR_NAME = AccentColor;
				CODE_SIGN_STYLE = Automatic;
				CURRENT_PROJECT_VERSION = 1;
				DEVELOPMENT_ASSET_PATHS = "\"LoanPredict/Preview Content\"";
				ENABLE_PREVIEWS = YES;
				GENERATE_INFOPLIST_FILE = YES;
				INFOPLIST_KEY_UIApplicationSceneManifest_Generation = YES;
				INFOPLIST_KEY_UIApplicationSupportsIndirectInputEvents = YES;
				INFOPLIST_KEY_UILaunchScreen_Generation = YES;
				INFOPLIST_KEY_UISupportedInterfaceOrientations_iPad = "UIInterfaceOrientationPortrait UIInterfaceOrientationPortraitUpsideDown UIInterfaceOrientationLandscapeLeft UIInterfaceOrientationLandscapeRight";
				INFOPLIST_KEY_UISupportedInterfaceOrientations_iPhone = "UIInterfaceOrientationPortrait UIInterfaceOrientationLandscapeLeft UIInterfaceOrientationLandscapeRight";
				LD_RUNPATH_SEARCH_PATHS = (
					"$(inherited)",
					"@executable_path/Frameworks",
				);
				MARKETING_VERSION = 1.0;
				PRODUCT_BUNDLE_IDENTIFIER = com.matejkupresak.LoanPredict;
				PRODUCT_NAME = "$(TARGET_NAME)";
				SWIFT_EMIT_LOC_STRINGS = YES;
				SWIFT_VERSION = 5.0;
				TARGETED_DEVICE_FAMILY = "1,2";
			};
			name = Debug;
		};
		C21F37E92B59DA8400AF9D53 /* Release */ = {
			isa = XCBuildConfiguration;
			buildSettings = {
				ASSETCATALOG_COMPILER_APPICON_NAME = AppIcon;
				ASSETCATALOG_COMPILER_GLOBAL_ACCENT_COLOR_NAME = AccentColor;
				CODE_SIGN_STYLE = Automatic;
				CURRENT_PROJECT_VERSION = 1;
				DEVELOPMENT_ASSET_PATHS = "\"LoanPredict/Preview Content\"";
				ENABLE_PREVIEWS = YES;
				GENERATE_INFOPLIST_FILE = YES;
				INFOPLIST_KEY_UIApplicationSceneManifest_Generation = YES;
				INFOPLIST_KEY_UIApplicationSupportsIndirectInputEvents = YES;
				INFOPLIST_KEY_UILaunchScreen_Generation = YES;
				INFOPLIST_KEY_UISupportedInterfaceOrientations_iPad = "UIInterfaceOrientationPortrait UIInterfaceOrientationPortraitUpsideDown UIInterfaceOrientationLandscapeLeft UIInterfaceOrientationLandscapeRight";
				INFOPLIST_KEY_UISupportedInterfaceOrientations_iPhone = "UIInterfaceOrientationPortrait UIInterfaceOrientationLandscapeLeft UIInterfaceOrientationLandscapeRight";
				LD_RUNPATH_SEARCH_PATHS = (
					"$(inherited)",
					"@executable_path/Frameworks",
				);
				MARKETING_VERSION = 1.0;
				PRODUCT_BUNDLE_IDENTIFIER = com.matejkupresak.LoanPredict;
				PRODUCT_NAME = "$(TARGET_NAME)";
				SWIFT_EMIT_LOC_STRINGS = YES;
				SWIFT_VERSION = 5.0;
				TARGETED_DEVICE_FAMILY = "1,2";
			};
			name = Release;
		};
/* End XCBuildConfiguration section */

/* Begin XCConfigurationList section */
		C21F37D42B59DA8300AF9D53 /* Build configuration list for PBXProject "LoanPredict" */ = {
			isa = XCConfigurationList;
			buildConfigurations = (
				C21F37E52B59DA8400AF9D53 /* Debug */,
				C21F37E62B59DA8400AF9D53 /* Release */,
			);
			defaultConfigurationIsVisible = 0;
			defaultConfigurationName = Release;
		};
		C21F37E72B59DA8400AF9D53 /* Build configuration list for PBXNativeTarget "LoanPredict" */ = {
			isa = XCConfigurationList;
			buildConfigurations = (
				C21F37E82B59DA8400AF9D53 /* Debug */,
				C21F37E92B59DA8400AF9D53 /* Release */,
			);
			defaultConfigurationIsVisible = 0;
			defaultConfigurationName = Release;
		};
/* End XCConfigurationList section */

/* Begin XCRemoteSwiftPackageReference section */
		C21F37ED2B59E07000AF9D53 /* XCRemoteSwiftPackageReference "firebase-ios-sdk" */ = {
			isa = XCRemoteSwiftPackageReference;
			repositoryURL = "https://github.com/firebase/firebase-ios-sdk.git";
			requirement = {
				kind = upToNextMajorVersion;
				minimumVersion = 10.20.0;
			};
		};
/* End XCRemoteSwiftPackageReference section */

/* Begin XCSwiftPackageProductDependency section */
		C21F37EE2B59E07000AF9D53 /* FirebaseAnalytics */ = {
			isa = XCSwiftPackageProductDependency;
			package = C21F37ED2B59E07000AF9D53 /* XCRemoteSwiftPackageReference "firebase-ios-sdk" */;
			productName = FirebaseAnalytics;
		};
		C21F37F02B59E07000AF9D53 /* FirebaseAnalyticsOnDeviceConversion */ = {
			isa = XCSwiftPackageProductDependency;
			package = C21F37ED2B59E07000AF9D53 /* XCRemoteSwiftPackageReference "firebase-ios-sdk" */;
			productName = FirebaseAnalyticsOnDeviceConversion;
		};
		C21F37F22B59E07000AF9D53 /* FirebaseAnalyticsSwift */ = {
			isa = XCSwiftPackageProductDependency;
			package = C21F37ED2B59E07000AF9D53 /* XCRemoteSwiftPackageReference "firebase-ios-sdk" */;
			productName = FirebaseAnalyticsSwift;
		};
		C21F37F42B59E07000AF9D53 /* FirebaseAnalyticsWithoutAdIdSupport */ = {
			isa = XCSwiftPackageProductDependency;
			package = C21F37ED2B59E07000AF9D53 /* XCRemoteSwiftPackageReference "firebase-ios-sdk" */;
			productName = FirebaseAnalyticsWithoutAdIdSupport;
		};
		C21F37F62B59E07000AF9D53 /* FirebaseAppCheck */ = {
			isa = XCSwiftPackageProductDependency;
			package = C21F37ED2B59E07000AF9D53 /* XCRemoteSwiftPackageReference "firebase-ios-sdk" */;
			productName = FirebaseAppCheck;
		};
		C28700C62B59E8680011D491 /* FirebaseAuth */ = {
			isa = XCSwiftPackageProductDependency;
			package = C21F37ED2B59E07000AF9D53 /* XCRemoteSwiftPackageReference "firebase-ios-sdk" */;
			productName = FirebaseAuth;
		};
		C28700C82B59E8800011D491 /* FirebaseFirestore */ = {
			isa = XCSwiftPackageProductDependency;
			package = C21F37ED2B59E07000AF9D53 /* XCRemoteSwiftPackageReference "firebase-ios-sdk" */;
			productName = FirebaseFirestore;
		};
		C28700CA2B59E8900011D491 /* FirebaseDatabase */ = {
			isa = XCSwiftPackageProductDependency;
			package = C21F37ED2B59E07000AF9D53 /* XCRemoteSwiftPackageReference "firebase-ios-sdk" */;
			productName = FirebaseDatabase;
		};
/* End XCSwiftPackageProductDependency section */
	};
	rootObject = C21F37D12B59DA8300AF9D53 /* Project object */;
}
